
Microsoft Visual Studio Solution File, Format Version 12.00
# Visual Studio Version 16
VisualStudioVersion = 16.0.31229.75
MinimumVisualStudioVersion = 10.0.40219.1
Project("{9A19103F-16F7-4668-BE54-9A1E7A4F7556}") = "Catalog.API", "Services\Catalog\Catalog.API\Catalog.API.csproj", "{6643273C-65C8-4212-9E1B-13567596E0DA}"
EndProject
Project("{2150E333-8FDC-42A3-9474-1A3956D46DE8}") = "Catalog", "Catalog", "{923F6E86-E907-4D10-81AE-7CFF4F9F1903}"
EndProject
Project("{2150E333-8FDC-42A3-9474-1A3956D46DE8}") = "Services", "Services", "{ED74B742-D78D-448B-98BC-C11DDC47528E}"
EndProject
Project("{E53339B2-1760-4266-BCC7-CA923CBCF16C}") = "docker-compose", "docker-compose.dcproj", "{665D804A-3FC7-4356-97BA-98F8CE9BA313}"
EndProject
Project("{2150E333-8FDC-42A3-9474-1A3956D46DE8}") = "Basket", "Basket", "{9E9B9758-5FFD-4FF2-A6BF-7E5C0518761B}"
EndProject
Project("{9A19103F-16F7-4668-BE54-9A1E7A4F7556}") = "Basket.API", "Services\Basket\Basket.API\Basket.API.csproj", "{512C6C53-EA0D-4C0B-ABC8-C19A7265FFF0}"
EndProject
Project("{2150E333-8FDC-42A3-9474-1A3956D46DE8}") = "Discount", "Discount", "{9FF74421-16B7-4E2F-96E2-5AA480AF4E6B}"
EndProject
Project("{9A19103F-16F7-4668-BE54-9A1E7A4F7556}") = "Discount.API", "Services\Discount\Discount.API\Discount.API.csproj", "{01C70DB1-9D1A-49DE-9C73-E9A70A149ABF}"
EndProject
Project("{9A19103F-16F7-4668-BE54-9A1E7A4F7556}") = "Discount.Grpc", "Services\Discount\Discount.Grpc\Discount.Grpc.csproj", "{08478E3B-D280-462A-B8F8-FBC83BDE93C4}"
EndProject
Project("{2150E333-8FDC-42A3-9474-1A3956D46DE8}") = "Ordering", "Ordering", "{15097A8B-5B09-40D6-9995-57F6EA4CC9AC}"
EndProject
Project("{9A19103F-16F7-4668-BE54-9A1E7A4F7556}") = "Ordering.API", "Services\Ordering\Ordering.API\Ordering.API.csproj", "{EC0E994D-8D83-459D-827E-D273E7612DCC}"
EndProject
Project("{9A19103F-16F7-4668-BE54-9A1E7A4F7556}") = "Ordering.Domain", "Services\Ordering\Ordering.Domain\Ordering.Domain.csproj", "{92B79E92-7C9A-44C9-B4D7-315AA79FD6D2}"
EndProject
Project("{9A19103F-16F7-4668-BE54-9A1E7A4F7556}") = "Ordering.Application", "Services\Ordering\Ordering.Application\Ordering.Application.csproj", "{78E135CF-2CA9-46FF-961C-FCA99C352D33}"
EndProject
Project("{9A19103F-16F7-4668-BE54-9A1E7A4F7556}") = "Ordering.Infrastructure", "Services\Ordering\Ordering.Infrastructure\Ordering.Infrastructure.csproj", "{07EFAA58-2DF7-4D0B-9E75-EBBC72CBBE3E}"
EndProject
Project("{2150E333-8FDC-42A3-9474-1A3956D46DE8}") = "BuildingBlocks", "BuildingBlocks", "{95452FB1-359D-4AAB-819B-86EEC26A81AB}"
EndProject
Project("{2150E333-8FDC-42A3-9474-1A3956D46DE8}") = "EventBus.Messages", "EventBus.Messages", "{DC336FFE-6EB0-43ED-9243-7645F445B717}"
EndProject
Project("{9A19103F-16F7-4668-BE54-9A1E7A4F7556}") = "EventBus.Messages", "BuildingBlocks\EventBus.Messages\EventBus.Messages.csproj", "{496911F7-C4F4-454E-929F-9C844327D06E}"
EndProject
Global
	GlobalSection(SolutionConfigurationPlatforms) = preSolution
		Debug|Any CPU = Debug|Any CPU
		Release|Any CPU = Release|Any CPU
	EndGlobalSection
	GlobalSection(ProjectConfigurationPlatforms) = postSolution
		{6643273C-65C8-4212-9E1B-13567596E0DA}.Debug|Any CPU.ActiveCfg = Debug|Any CPU
		{6643273C-65C8-4212-9E1B-13567596E0DA}.Debug|Any CPU.Build.0 = Debug|Any CPU
		{6643273C-65C8-4212-9E1B-13567596E0DA}.Release|Any CPU.ActiveCfg = Release|Any CPU
		{6643273C-65C8-4212-9E1B-13567596E0DA}.Release|Any CPU.Build.0 = Release|Any CPU
		{665D804A-3FC7-4356-97BA-98F8CE9BA313}.Debug|Any CPU.ActiveCfg = Debug|Any CPU
		{665D804A-3FC7-4356-97BA-98F8CE9BA313}.Debug|Any CPU.Build.0 = Debug|Any CPU
		{665D804A-3FC7-4356-97BA-98F8CE9BA313}.Release|Any CPU.ActiveCfg = Release|Any CPU
		{665D804A-3FC7-4356-97BA-98F8CE9BA313}.Release|Any CPU.Build.0 = Release|Any CPU
		{512C6C53-EA0D-4C0B-ABC8-C19A7265FFF0}.Debug|Any CPU.ActiveCfg = Debug|Any CPU
		{512C6C53-EA0D-4C0B-ABC8-C19A7265FFF0}.Debug|Any CPU.Build.0 = Debug|Any CPU
		{512C6C53-EA0D-4C0B-ABC8-C19A7265FFF0}.Release|Any CPU.ActiveCfg = Release|Any CPU
		{512C6C53-EA0D-4C0B-ABC8-C19A7265FFF0}.Release|Any CPU.Build.0 = Release|Any CPU
		{01C70DB1-9D1A-49DE-9C73-E9A70A149ABF}.Debug|Any CPU.ActiveCfg = Debug|Any CPU
		{01C70DB1-9D1A-49DE-9C73-E9A70A149ABF}.Debug|Any CPU.Build.0 = Debug|Any CPU
		{01C70DB1-9D1A-49DE-9C73-E9A70A149ABF}.Release|Any CPU.ActiveCfg = Release|Any CPU
		{01C70DB1-9D1A-49DE-9C73-E9A70A149ABF}.Release|Any CPU.Build.0 = Release|Any CPU
		{08478E3B-D280-462A-B8F8-FBC83BDE93C4}.Debug|Any CPU.ActiveCfg = Debug|Any CPU
		{08478E3B-D280-462A-B8F8-FBC83BDE93C4}.Debug|Any CPU.Build.0 = Debug|Any CPU
		{08478E3B-D280-462A-B8F8-FBC83BDE93C4}.Release|Any CPU.ActiveCfg = Release|Any CPU
		{08478E3B-D280-462A-B8F8-FBC83BDE93C4}.Release|Any CPU.Build.0 = Release|Any CPU
		{EC0E994D-8D83-459D-827E-D273E7612DCC}.Debug|Any CPU.ActiveCfg = Debug|Any CPU
		{EC0E994D-8D83-459D-827E-D273E7612DCC}.Debug|Any CPU.Build.0 = Debug|Any CPU
		{EC0E994D-8D83-459D-827E-D273E7612DCC}.Release|Any CPU.ActiveCfg = Release|Any CPU
		{EC0E994D-8D83-459D-827E-D273E7612DCC}.Release|Any CPU.Build.0 = Release|Any CPU
		{92B79E92-7C9A-44C9-B4D7-315AA79FD6D2}.Debug|Any CPU.ActiveCfg = Debug|Any CPU
		{92B79E92-7C9A-44C9-B4D7-315AA79FD6D2}.Debug|Any CPU.Build.0 = Debug|Any CPU
		{92B79E92-7C9A-44C9-B4D7-315AA79FD6D2}.Release|Any CPU.ActiveCfg = Release|Any CPU
		{92B79E92-7C9A-44C9-B4D7-315AA79FD6D2}.Release|Any CPU.Build.0 = Release|Any CPU
		{78E135CF-2CA9-46FF-961C-FCA99C352D33}.Debug|Any CPU.ActiveCfg = Debug|Any CPU
		{78E135CF-2CA9-46FF-961C-FCA99C352D33}.Debug|Any CPU.Build.0 = Debug|Any CPU
		{78E135CF-2CA9-46FF-961C-FCA99C352D33}.Release|Any CPU.ActiveCfg = Release|Any CPU
		{78E135CF-2CA9-46FF-961C-FCA99C352D33}.Release|Any CPU.Build.0 = Release|Any CPU
		{07EFAA58-2DF7-4D0B-9E75-EBBC72CBBE3E}.Debug|Any CPU.ActiveCfg = Debug|Any CPU
		{07EFAA58-2DF7-4D0B-9E75-EBBC72CBBE3E}.Debug|Any CPU.Build.0 = Debug|Any CPU
		{07EFAA58-2DF7-4D0B-9E75-EBBC72CBBE3E}.Release|Any CPU.ActiveCfg = Release|Any CPU
		{07EFAA58-2DF7-4D0B-9E75-EBBC72CBBE3E}.Release|Any CPU.Build.0 = Release|Any CPU
		{496911F7-C4F4-454E-929F-9C844327D06E}.Debug|Any CPU.ActiveCfg = Debug|Any CPU
		{496911F7-C4F4-454E-929F-9C844327D06E}.Debug|Any CPU.Build.0 = Debug|Any CPU
		{496911F7-C4F4-454E-929F-9C844327D06E}.Release|Any CPU.ActiveCfg = Release|Any CPU
		{496911F7-C4F4-454E-929F-9C844327D06E}.Release|Any CPU.Build.0 = Release|Any CPU
	EndGlobalSection
	GlobalSection(SolutionProperties) = preSolution
		HideSolutionNode = FALSE
	EndGlobalSection
	GlobalSection(NestedProjects) = preSolution
		{6643273C-65C8-4212-9E1B-13567596E0DA} = {923F6E86-E907-4D10-81AE-7CFF4F9F1903}
		{923F6E86-E907-4D10-81AE-7CFF4F9F1903} = {ED74B742-D78D-448B-98BC-C11DDC47528E}
		{9E9B9758-5FFD-4FF2-A6BF-7E5C0518761B} = {ED74B742-D78D-448B-98BC-C11DDC47528E}
		{512C6C53-EA0D-4C0B-ABC8-C19A7265FFF0} = {9E9B9758-5FFD-4FF2-A6BF-7E5C0518761B}
		{9FF74421-16B7-4E2F-96E2-5AA480AF4E6B} = {ED74B742-D78D-448B-98BC-C11DDC47528E}
		{01C70DB1-9D1A-49DE-9C73-E9A70A149ABF} = {9FF74421-16B7-4E2F-96E2-5AA480AF4E6B}
		{08478E3B-D280-462A-B8F8-FBC83BDE93C4} = {9FF74421-16B7-4E2F-96E2-5AA480AF4E6B}
		{15097A8B-5B09-40D6-9995-57F6EA4CC9AC} = {ED74B742-D78D-448B-98BC-C11DDC47528E}
		{EC0E994D-8D83-459D-827E-D273E7612DCC} = {15097A8B-5B09-40D6-9995-57F6EA4CC9AC}
		{92B79E92-7C9A-44C9-B4D7-315AA79FD6D2} = {15097A8B-5B09-40D6-9995-57F6EA4CC9AC}
		{78E135CF-2CA9-46FF-961C-FCA99C352D33} = {15097A8B-5B09-40D6-9995-57F6EA4CC9AC}
		{07EFAA58-2DF7-4D0B-9E75-EBBC72CBBE3E} = {15097A8B-5B09-40D6-9995-57F6EA4CC9AC}
		{DC336FFE-6EB0-43ED-9243-7645F445B717} = {95452FB1-359D-4AAB-819B-86EEC26A81AB}
		{496911F7-C4F4-454E-929F-9C844327D06E} = {DC336FFE-6EB0-43ED-9243-7645F445B717}
	EndGlobalSection
	GlobalSection(ExtensibilityGlobals) = postSolution
		SolutionGuid = {C5515C5E-C9A4-4402-86E0-4BD673405F20}
	EndGlobalSection
EndGlobal
